
Microsoft Visual Studio Solution File, Format Version 12.00
# Visual Studio Version 16
VisualStudioVersion = 16.0.32106.194
MinimumVisualStudioVersion = 10.0.40219.1
Project("{9A19103F-16F7-4668-BE54-9A1E7A4F7556}") = "SolutionWarriors.Engine", "SolutionWarriors.Engine\SolutionWarriors.Engine.csproj", "{B19BC76D-6E8F-472B-9142-444021E37C5D}"
EndProject
Project("{9A19103F-16F7-4668-BE54-9A1E7A4F7556}") = "SolutionWarriors.UI", "SolutionWarriors.UI\SolutionWarriors.UI.csproj", "{688136F2-2540-4100-B796-2957185D970C}"
EndProject
Project("{FAE04EC0-301F-11D3-BF4B-00C04F79EFBC}") = "SolutionWarriors.ConsoleApplicationTesting", "SolutionWarriors.ConsoleApplicationTesting\SolutionWarriors.ConsoleApplicationTesting.csproj", "{F4D78741-7A7B-4EB5-98E1-FDC9025AA292}"
EndProject
Global
	GlobalSection(SolutionConfigurationPlatforms) = preSolution
		Debug|Any CPU = Debug|Any CPU
		Release|Any CPU = Release|Any CPU
	EndGlobalSection
	GlobalSection(ProjectConfigurationPlatforms) = postSolution
		{B19BC76D-6E8F-472B-9142-444021E37C5D}.Debug|Any CPU.ActiveCfg = Debug|Any CPU
		{B19BC76D-6E8F-472B-9142-444021E37C5D}.Debug|Any CPU.Build.0 = Debug|Any CPU
		{B19BC76D-6E8F-472B-9142-444021E37C5D}.Release|Any CPU.ActiveCfg = Release|Any CPU
		{B19BC76D-6E8F-472B-9142-444021E37C5D}.Release|Any CPU.Build.0 = Release|Any CPU
		{688136F2-2540-4100-B796-2957185D970C}.Debug|Any CPU.ActiveCfg = Debug|Any CPU
		{688136F2-2540-4100-B796-2957185D970C}.Debug|Any CPU.Build.0 = Debug|Any CPU
		{688136F2-2540-4100-B796-2957185D970C}.Release|Any CPU.ActiveCfg = Release|Any CPU
		{688136F2-2540-4100-B796-2957185D970C}.Release|Any CPU.Build.0 = Release|Any CPU
		{F4D78741-7A7B-4EB5-98E1-FDC9025AA292}.Debug|Any CPU.ActiveCfg = Debug|Any CPU
		{F4D78741-7A7B-4EB5-98E1-FDC9025AA292}.Debug|Any CPU.Build.0 = Debug|Any CPU
		{F4D78741-7A7B-4EB5-98E1-FDC9025AA292}.Release|Any CPU.ActiveCfg = Release|Any CPU
		{F4D78741-7A7B-4EB5-98E1-FDC9025AA292}.Release|Any CPU.Build.0 = Release|Any CPU
	EndGlobalSection
	GlobalSection(SolutionProperties) = preSolution
		HideSolutionNode = FALSE
	EndGlobalSection
	GlobalSection(ExtensibilityGlobals) = postSolution
		SolutionGuid = {6AF45E5B-EE0F-495C-BFD0-3E034D72E4B2}
	EndGlobalSection
EndGlobal
